// !$*UTF8*$!
{
	archiveVersion = 1;
	classes = {
	};
	objectVersion = 56;
	objects = {

/* Begin PBXBuildFile section */
		10818780A676AFE9582B8F07 /* amplifyconfiguration.json in Resources */ = {isa = PBXBuildFile; fileRef = FB29519E5F9086D29FFD96C7 /* amplifyconfiguration.json */; };
		ACAA1B1E05D6DBAAB4D637C3 /* awsconfiguration.json in Resources */ = {isa = PBXBuildFile; fileRef = 7E3845FA999CCCBD0B542F55 /* awsconfiguration.json */; };
		CABE8A022ACE19FA00CAA6CE /* AppDelegate.swift in Sources */ = {isa = PBXBuildFile; fileRef = CABE8A012ACE19FA00CAA6CE /* AppDelegate.swift */; };
		CABE8A042ACE19FA00CAA6CE /* SceneDelegate.swift in Sources */ = {isa = PBXBuildFile; fileRef = CABE8A032ACE19FA00CAA6CE /* SceneDelegate.swift */; };
		CABE8A062ACE19FA00CAA6CE /* ViewController.swift in Sources */ = {isa = PBXBuildFile; fileRef = CABE8A052ACE19FA00CAA6CE /* ViewController.swift */; };
		CABE8A092ACE19FA00CAA6CE /* Main.storyboard in Resources */ = {isa = PBXBuildFile; fileRef = CABE8A072ACE19FA00CAA6CE /* Main.storyboard */; };
		CABE8A0B2ACE19FC00CAA6CE /* Assets.xcassets in Resources */ = {isa = PBXBuildFile; fileRef = CABE8A0A2ACE19FC00CAA6CE /* Assets.xcassets */; };
		CABE8A0E2ACE19FC00CAA6CE /* LaunchScreen.storyboard in Resources */ = {isa = PBXBuildFile; fileRef = CABE8A0C2ACE19FC00CAA6CE /* LaunchScreen.storyboard */; };
		CABE8A182ACE2AB700CAA6CE /* AWSCognitoAuthPlugin in Frameworks */ = {isa = PBXBuildFile; productRef = CABE8A172ACE2AB700CAA6CE /* AWSCognitoAuthPlugin */; };
		CABE8A1A2ACE2AB700CAA6CE /* AWSPinpointPushNotificationsPlugin in Frameworks */ = {isa = PBXBuildFile; productRef = CABE8A192ACE2AB700CAA6CE /* AWSPinpointPushNotificationsPlugin */; };
		CABE8A1C2ACE2AB700CAA6CE /* Amplify in Frameworks */ = {isa = PBXBuildFile; productRef = CABE8A1B2ACE2AB700CAA6CE /* Amplify */; };
/* End PBXBuildFile section */

/* Begin PBXFileReference section */
		7E3845FA999CCCBD0B542F55 /* awsconfiguration.json */ = {isa = PBXFileReference; explicitFileType = text.json; path = awsconfiguration.json; sourceTree = "<group>"; };
		CABE89FE2ACE19FA00CAA6CE /* AmplifyiOSPushNotifications.app */ = {isa = PBXFileReference; explicitFileType = wrapper.application; includeInIndex = 0; path = AmplifyiOSPushNotifications.app; sourceTree = BUILT_PRODUCTS_DIR; };
		CABE8A012ACE19FA00CAA6CE /* AppDelegate.swift */ = {isa = PBXFileReference; lastKnownFileType = sourcecode.swift; path = AppDelegate.swift; sourceTree = "<group>"; };
		CABE8A032ACE19FA00CAA6CE /* SceneDelegate.swift */ = {isa = PBXFileReference; lastKnownFileType = sourcecode.swift; path = SceneDelegate.swift; sourceTree = "<group>"; };
		CABE8A052ACE19FA00CAA6CE /* ViewController.swift */ = {isa = PBXFileReference; lastKnownFileType = sourcecode.swift; path = ViewController.swift; sourceTree = "<group>"; };
		CABE8A082ACE19FA00CAA6CE /* Base */ = {isa = PBXFileReference; lastKnownFileType = file.storyboard; name = Base; path = Base.lproj/Main.storyboard; sourceTree = "<group>"; };
		CABE8A0A2ACE19FC00CAA6CE /* Assets.xcassets */ = {isa = PBXFileReference; lastKnownFileType = folder.assetcatalog; path = Assets.xcassets; sourceTree = "<group>"; };
		CABE8A0D2ACE19FC00CAA6CE /* Base */ = {isa = PBXFileReference; lastKnownFileType = file.storyboard; name = Base; path = Base.lproj/LaunchScreen.storyboard; sourceTree = "<group>"; };
		CABE8A0F2ACE19FC00CAA6CE /* Info.plist */ = {isa = PBXFileReference; lastKnownFileType = text.plist.xml; path = Info.plist; sourceTree = "<group>"; };
		CABE8A152ACE235600CAA6CE /* AmplifyiOSPushNotifications.entitlements */ = {isa = PBXFileReference; lastKnownFileType = text.plist.entitlements; path = AmplifyiOSPushNotifications.entitlements; sourceTree = "<group>"; };
		FB29519E5F9086D29FFD96C7 /* amplifyconfiguration.json */ = {isa = PBXFileReference; explicitFileType = text.json; path = amplifyconfiguration.json; sourceTree = "<group>"; };
/* End PBXFileReference section */

/* Begin PBXFrameworksBuildPhase section */
		CABE89FB2ACE19FA00CAA6CE /* Frameworks */ = {
			isa = PBXFrameworksBuildPhase;
			buildActionMask = 2147483647;
			files = (
				CABE8A1C2ACE2AB700CAA6CE /* Amplify in Frameworks */,
				CABE8A182ACE2AB700CAA6CE /* AWSCognitoAuthPlugin in Frameworks */,
				CABE8A1A2ACE2AB700CAA6CE /* AWSPinpointPushNotificationsPlugin in Frameworks */,
			);
			runOnlyForDeploymentPostprocessing = 0;
		};
/* End PBXFrameworksBuildPhase section */

/* Begin PBXGroup section */
		679094C02C4189C924CC613A /* AmplifyConfig */ = {
			isa = PBXGroup;
			children = (
				7E3845FA999CCCBD0B542F55 /* awsconfiguration.json */,
				FB29519E5F9086D29FFD96C7 /* amplifyconfiguration.json */,
			);
			name = AmplifyConfig;
			sourceTree = "<group>";
		};
		CABE89F52ACE19F900CAA6CE = {
			isa = PBXGroup;
			children = (
				CABE8A002ACE19FA00CAA6CE /* AmplifyiOSPushNotifications */,
				CABE89FF2ACE19FA00CAA6CE /* Products */,
				679094C02C4189C924CC613A /* AmplifyConfig */,
			);
			sourceTree = "<group>";
		};
		CABE89FF2ACE19FA00CAA6CE /* Products */ = {
			isa = PBXGroup;
			children = (
				CABE89FE2ACE19FA00CAA6CE /* AmplifyiOSPushNotifications.app */,
			);
			name = Products;
			sourceTree = "<group>";
		};
		CABE8A002ACE19FA00CAA6CE /* AmplifyiOSPushNotifications */ = {
			isa = PBXGroup;
			children = (
				CABE8A152ACE235600CAA6CE /* AmplifyiOSPushNotifications.entitlements */,
				CABE8A012ACE19FA00CAA6CE /* AppDelegate.swift */,
				CABE8A032ACE19FA00CAA6CE /* SceneDelegate.swift */,
				CABE8A052ACE19FA00CAA6CE /* ViewController.swift */,
				CABE8A072ACE19FA00CAA6CE /* Main.storyboard */,
				CABE8A0A2ACE19FC00CAA6CE /* Assets.xcassets */,
				CABE8A0C2ACE19FC00CAA6CE /* LaunchScreen.storyboard */,
				CABE8A0F2ACE19FC00CAA6CE /* Info.plist */,
			);
			path = AmplifyiOSPushNotifications;
			sourceTree = "<group>";
		};
/* End PBXGroup section */

/* Begin PBXNativeTarget section */
		CABE89FD2ACE19FA00CAA6CE /* AmplifyiOSPushNotifications */ = {
			isa = PBXNativeTarget;
			buildConfigurationList = CABE8A122ACE19FC00CAA6CE /* Build configuration list for PBXNativeTarget "AmplifyiOSPushNotifications" */;
			buildPhases = (
				CABE89FA2ACE19FA00CAA6CE /* Sources */,
				CABE89FB2ACE19FA00CAA6CE /* Frameworks */,
				CABE89FC2ACE19FA00CAA6CE /* Resources */,
			);
			buildRules = (
			);
			dependencies = (
			);
			name = AmplifyiOSPushNotifications;
			packageProductDependencies = (
				CABE8A172ACE2AB700CAA6CE /* AWSCognitoAuthPlugin */,
				CABE8A192ACE2AB700CAA6CE /* AWSPinpointPushNotificationsPlugin */,
				CABE8A1B2ACE2AB700CAA6CE /* Amplify */,
			);
			productName = AmplifyiOSPushNotifications;
			productReference = CABE89FE2ACE19FA00CAA6CE /* AmplifyiOSPushNotifications.app */;
			productType = "com.apple.product-type.application";
		};
/* End PBXNativeTarget section */

/* Begin PBXProject section */
		CABE89F62ACE19F900CAA6CE /* Project object */ = {
			isa = PBXProject;
			attributes = {
				BuildIndependentTargetsInParallel = 1;
				LastSwiftUpdateCheck = 1430;
				LastUpgradeCheck = 1430;
				TargetAttributes = {
					CABE89FD2ACE19FA00CAA6CE = {
						CreatedOnToolsVersion = 14.3.1;
					};
				};
			};
			buildConfigurationList = CABE89F92ACE19F900CAA6CE /* Build configuration list for PBXProject "AmplifyiOSPushNotifications" */;
			compatibilityVersion = "Xcode 14.0";
			developmentRegion = en;
			hasScannedForEncodings = 0;
			knownRegions = (
				en,
				Base,
			);
			mainGroup = CABE89F52ACE19F900CAA6CE;
			packageReferences = (
				CABE8A162ACE2AB700CAA6CE /* XCRemoteSwiftPackageReference "amplify-swift" */,
			);
			productRefGroup = CABE89FF2ACE19FA00CAA6CE /* Products */;
			projectDirPath = "";
			projectRoot = "";
			targets = (
				CABE89FD2ACE19FA00CAA6CE /* AmplifyiOSPushNotifications */,
			);
		};
/* End PBXProject section */

/* Begin PBXResourcesBuildPhase section */
		CABE89FC2ACE19FA00CAA6CE /* Resources */ = {
			isa = PBXResourcesBuildPhase;
			buildActionMask = 2147483647;
			files = (
				CABE8A0E2ACE19FC00CAA6CE /* LaunchScreen.storyboard in Resources */,
				CABE8A0B2ACE19FC00CAA6CE /* Assets.xcassets in Resources */,
				CABE8A092ACE19FA00CAA6CE /* Main.storyboard in Resources */,
				ACAA1B1E05D6DBAAB4D637C3 /* awsconfiguration.json in Resources */,
				10818780A676AFE9582B8F07 /* amplifyconfiguration.json in Resources */,
			);
			runOnlyForDeploymentPostprocessing = 0;
		};
/* End PBXResourcesBuildPhase section */

/* Begin PBXSourcesBuildPhase section */
		CABE89FA2ACE19FA00CAA6CE /* Sources */ = {
			isa = PBXSourcesBuildPhase;
			buildActionMask = 2147483647;
			files = (
				CABE8A062ACE19FA00CAA6CE /* ViewController.swift in Sources */,
				CABE8A022ACE19FA00CAA6CE /* AppDelegate.swift in Sources */,
				CABE8A042ACE19FA00CAA6CE /* SceneDelegate.swift in Sources */,
			);
			runOnlyForDeploymentPostprocessing = 0;
		};
/* End PBXSourcesBuildPhase section */

/* Begin PBXVariantGroup section */
		CABE8A072ACE19FA00CAA6CE /* Main.storyboard */ = {
			isa = PBXVariantGroup;
			children = (
				CABE8A082ACE19FA00CAA6CE /* Base */,
			);
			name = Main.storyboard;
			sourceTree = "<group>";
		};
		CABE8A0C2ACE19FC00CAA6CE /* LaunchScreen.storyboard */ = {
			isa = PBXVariantGroup;
			children = (
				CABE8A0D2ACE19FC00CAA6CE /* Base */,
			);
			name = LaunchScreen.storyboard;
			sourceTree = "<group>";
		};
/* End PBXVariantGroup section */

/* Begin XCBuildConfiguration section */
		CABE8A102ACE19FC00CAA6CE /* Debug */ = {
			isa = XCBuildConfiguration;
			buildSettings = {
				ALWAYS_SEARCH_USER_PATHS = NO;
				CLANG_ANALYZER_NONNULL = YES;
				CLANG_ANALYZER_NUMBER_OBJECT_CONVERSION = YES_AGGRESSIVE;
				CLANG_CXX_LANGUAGE_STANDARD = "gnu++20";
				CLANG_ENABLE_MODULES = YES;
				CLANG_ENABLE_OBJC_ARC = YES;
				CLANG_ENABLE_OBJC_WEAK = YES;
				CLANG_WARN_BLOCK_CAPTURE_AUTORELEASING = YES;
				CLANG_WARN_BOOL_CONVERSION = YES;
				CLANG_WARN_COMMA = YES;
				CLANG_WARN_CONSTANT_CONVERSION = YES;
				CLANG_WARN_DEPRECATED_OBJC_IMPLEMENTATIONS = YES;
				CLANG_WARN_DIRECT_OBJC_ISA_USAGE = YES_ERROR;
				CLANG_WARN_DOCUMENTATION_COMMENTS = YES;
				CLANG_WARN_EMPTY_BODY = YES;
				CLANG_WARN_ENUM_CONVERSION = YES;
				CLANG_WARN_INFINITE_RECURSION = YES;
				CLANG_WARN_INT_CONVERSION = YES;
				CLANG_WARN_NON_LITERAL_NULL_CONVERSION = YES;
				CLANG_WARN_OBJC_IMPLICIT_RETAIN_SELF = YES;
				CLANG_WARN_OBJC_LITERAL_CONVERSION = YES;
				CLANG_WARN_OBJC_ROOT_CLASS = YES_ERROR;
				CLANG_WARN_QUOTED_INCLUDE_IN_FRAMEWORK_HEADER = YES;
				CLANG_WARN_RANGE_LOOP_ANALYSIS = YES;
				CLANG_WARN_STRICT_PROTOTYPES = YES;
				CLANG_WARN_SUSPICIOUS_MOVE = YES;
				CLANG_WARN_UNGUARDED_AVAILABILITY = YES_AGGRESSIVE;
				CLANG_WARN_UNREACHABLE_CODE = YES;
				CLANG_WARN__DUPLICATE_METHOD_MATCH = YES;
				COPY_PHASE_STRIP = NO;
				DEBUG_INFORMATION_FORMAT = dwarf;
				ENABLE_STRICT_OBJC_MSGSEND = YES;
				ENABLE_TESTABILITY = YES;
				GCC_C_LANGUAGE_STANDARD = gnu11;
				GCC_DYNAMIC_NO_PIC = NO;
				GCC_NO_COMMON_BLOCKS = YES;
				GCC_OPTIMIZATION_LEVEL = 0;
				GCC_PREPROCESSOR_DEFINITIONS = (
					"DEBUG=1",
					"$(inherited)",
				);
				GCC_WARN_64_TO_32_BIT_CONVERSION = YES;
				GCC_WARN_ABOUT_RETURN_TYPE = YES_ERROR;
				GCC_WARN_UNDECLARED_SELECTOR = YES;
				GCC_WARN_UNINITIALIZED_AUTOS = YES_AGGRESSIVE;
				GCC_WARN_UNUSED_FUNCTION = YES;
				GCC_WARN_UNUSED_VARIABLE = YES;
				IPHONEOS_DEPLOYMENT_TARGET = 16.4;
				MTL_ENABLE_DEBUG_INFO = INCLUDE_SOURCE;
				MTL_FAST_MATH = YES;
				ONLY_ACTIVE_ARCH = YES;
				SDKROOT = iphoneos;
				SWIFT_ACTIVE_COMPILATION_CONDITIONS = DEBUG;
				SWIFT_OPTIMIZATION_LEVEL = "-Onone";
			};
			name = Debug;
		};
		CABE8A112ACE19FC00CAA6CE /* Release */ = {
			isa = XCBuildConfiguration;
			buildSettings = {
				ALWAYS_SEARCH_USER_PATHS = NO;
				CLANG_ANALYZER_NONNULL = YES;
				CLANG_ANALYZER_NUMBER_OBJECT_CONVERSION = YES_AGGRESSIVE;
				CLANG_CXX_LANGUAGE_STANDARD = "gnu++20";
				CLANG_ENABLE_MODULES = YES;
				CLANG_ENABLE_OBJC_ARC = YES;
				CLANG_ENABLE_OBJC_WEAK = YES;
				CLANG_WARN_BLOCK_CAPTURE_AUTORELEASING = YES;
				CLANG_WARN_BOOL_CONVERSION = YES;
				CLANG_WARN_COMMA = YES;
				CLANG_WARN_CONSTANT_CONVERSION = YES;
				CLANG_WARN_DEPRECATED_OBJC_IMPLEMENTATIONS = YES;
				CLANG_WARN_DIRECT_OBJC_ISA_USAGE = YES_ERROR;
				CLANG_WARN_DOCUMENTATION_COMMENTS = YES;
				CLANG_WARN_EMPTY_BODY = YES;
				CLANG_WARN_ENUM_CONVERSION = YES;
				CLANG_WARN_INFINITE_RECURSION = YES;
				CLANG_WARN_INT_CONVERSION = YES;
				CLANG_WARN_NON_LITERAL_NULL_CONVERSION = YES;
				CLANG_WARN_OBJC_IMPLICIT_RETAIN_SELF = YES;
				CLANG_WARN_OBJC_LITERAL_CONVERSION = YES;
				CLANG_WARN_OBJC_ROOT_CLASS = YES_ERROR;
				CLANG_WARN_QUOTED_INCLUDE_IN_FRAMEWORK_HEADER = YES;
				CLANG_WARN_RANGE_LOOP_ANALYSIS = YES;
				CLANG_WARN_STRICT_PROTOTYPES = YES;
				CLANG_WARN_SUSPICIOUS_MOVE = YES;
				CLANG_WARN_UNGUARDED_AVAILABILITY = YES_AGGRESSIVE;
				CLANG_WARN_UNREACHABLE_CODE = YES;
				CLANG_WARN__DUPLICATE_METHOD_MATCH = YES;
				COPY_PHASE_STRIP = NO;
				DEBUG_INFORMATION_FORMAT = "dwarf-with-dsym";
				ENABLE_NS_ASSERTIONS = NO;
				ENABLE_STRICT_OBJC_MSGSEND = YES;
				GCC_C_LANGUAGE_STANDARD = gnu11;
				GCC_NO_COMMON_BLOCKS = YES;
				GCC_WARN_64_TO_32_BIT_CONVERSION = YES;
				GCC_WARN_ABOUT_RETURN_TYPE = YES_ERROR;
				GCC_WARN_UNDECLARED_SELECTOR = YES;
				GCC_WARN_UNINITIALIZED_AUTOS = YES_AGGRESSIVE;
				GCC_WARN_UNUSED_FUNCTION = YES;
				GCC_WARN_UNUSED_VARIABLE = YES;
				IPHONEOS_DEPLOYMENT_TARGET = 16.4;
				MTL_ENABLE_DEBUG_INFO = NO;
				MTL_FAST_MATH = YES;
				SDKROOT = iphoneos;
				SWIFT_COMPILATION_MODE = wholemodule;
				SWIFT_OPTIMIZATION_LEVEL = "-O";
				VALIDATE_PRODUCT = YES;
			};
			name = Release;
		};
		CABE8A132ACE19FC00CAA6CE /* Debug */ = {
			isa = XCBuildConfiguration;
			buildSettings = {
				ASSETCATALOG_COMPILER_APPICON_NAME = AppIcon;
				ASSETCATALOG_COMPILER_GLOBAL_ACCENT_COLOR_NAME = AccentColor;
				CODE_SIGN_ENTITLEMENTS = AmplifyiOSPushNotifications/AmplifyiOSPushNotifications.entitlements;
				CODE_SIGN_STYLE = Automatic;
				CURRENT_PROJECT_VERSION = 1;
				DEVELOPMENT_TEAM = A4GFPD9VRB;
				GENERATE_INFOPLIST_FILE = YES;
				INFOPLIST_FILE = AmplifyiOSPushNotifications/Info.plist;
				INFOPLIST_KEY_UIApplicationSupportsIndirectInputEvents = YES;
				INFOPLIST_KEY_UILaunchStoryboardName = LaunchScreen;
				INFOPLIST_KEY_UIMainStoryboardFile = Main;
				INFOPLIST_KEY_UISupportedInterfaceOrientations_iPad = "UIInterfaceOrientationPortrait UIInterfaceOrientationPortraitUpsideDown UIInterfaceOrientationLandscapeLeft UIInterfaceOrientationLandscapeRight";
				INFOPLIST_KEY_UISupportedInterfaceOrientations_iPhone = "UIInterfaceOrientationPortrait UIInterfaceOrientationLandscapeLeft UIInterfaceOrientationLandscapeRight";
				LD_RUNPATH_SEARCH_PATHS = (
					"$(inherited)",
					"@executable_path/Frameworks",
				);
				MARKETING_VERSION = 1.0;
				PRODUCT_BUNDLE_IDENTIFIER = com.bootcampinstitute.amplifypushnotifications;
				PRODUCT_NAME = "$(TARGET_NAME)";
				SWIFT_EMIT_LOC_STRINGS = YES;
				SWIFT_VERSION = 5.0;
				TARGETED_DEVICE_FAMILY = "1,2";
			};
			name = Debug;
		};
		CABE8A142ACE19FC00CAA6CE /* Release */ = {
			isa = XCBuildConfiguration;
			buildSettings = {
				ASSETCATALOG_COMPILER_APPICON_NAME = AppIcon;
				ASSETCATALOG_COMPILER_GLOBAL_ACCENT_COLOR_NAME = AccentColor;
				CODE_SIGN_ENTITLEMENTS = AmplifyiOSPushNotifications/AmplifyiOSPushNotifications.entitlements;
				CODE_SIGN_STYLE = Automatic;
				CURRENT_PROJECT_VERSION = 1;
				DEVELOPMENT_TEAM = A4GFPD9VRB;
				GENERATE_INFOPLIST_FILE = YES;
				INFOPLIST_FILE = AmplifyiOSPushNotifications/Info.plist;
				INFOPLIST_KEY_UIApplicationSupportsIndirectInputEvents = YES;
				INFOPLIST_KEY_UILaunchStoryboardName = LaunchScreen;
				INFOPLIST_KEY_UIMainStoryboardFile = Main;
				INFOPLIST_KEY_UISupportedInterfaceOrientations_iPad = "UIInterfaceOrientationPortrait UIInterfaceOrientationPortraitUpsideDown UIInterfaceOrientationLandscapeLeft UIInterfaceOrientationLandscapeRight";
				INFOPLIST_KEY_UISupportedInterfaceOrientations_iPhone = "UIInterfaceOrientationPortrait UIInterfaceOrientationLandscapeLeft UIInterfaceOrientationLandscapeRight";
				LD_RUNPATH_SEARCH_PATHS = (
					"$(inherited)",
					"@executable_path/Frameworks",
				);
				MARKETING_VERSION = 1.0;
				PRODUCT_BUNDLE_IDENTIFIER = com.bootcampinstitute.amplifypushnotifications;
				PRODUCT_NAME = "$(TARGET_NAME)";
				SWIFT_EMIT_LOC_STRINGS = YES;
				SWIFT_VERSION = 5.0;
				TARGETED_DEVICE_FAMILY = "1,2";
			};
			name = Release;
		};
/* End XCBuildConfiguration section */

/* Begin XCConfigurationList section */
		CABE89F92ACE19F900CAA6CE /* Build configuration list for PBXProject "AmplifyiOSPushNotifications" */ = {
			isa = XCConfigurationList;
			buildConfigurations = (
				CABE8A102ACE19FC00CAA6CE /* Debug */,
				CABE8A112ACE19FC00CAA6CE /* Release */,
			);
			defaultConfigurationIsVisible = 0;
			defaultConfigurationName = Release;
		};
		CABE8A122ACE19FC00CAA6CE /* Build configuration list for PBXNativeTarget "AmplifyiOSPushNotifications" */ = {
			isa = XCConfigurationList;
			buildConfigurations = (
				CABE8A132ACE19FC00CAA6CE /* Debug */,
				CABE8A142ACE19FC00CAA6CE /* Release */,
			);
			defaultConfigurationIsVisible = 0;
			defaultConfigurationName = Release;
		};
/* End XCConfigurationList section */

/* Begin XCRemoteSwiftPackageReference section */
		CABE8A162ACE2AB700CAA6CE /* XCRemoteSwiftPackageReference "amplify-swift" */ = {
			isa = XCRemoteSwiftPackageReference;
			repositoryURL = "https://github.com/aws-amplify/amplify-swift";
			requirement = {
				kind = upToNextMajorVersion;
				minimumVersion = 2.0.0;
			};
		};
/* End XCRemoteSwiftPackageReference section */

/* Begin XCSwiftPackageProductDependency section */
		CABE8A172ACE2AB700CAA6CE /* AWSCognitoAuthPlugin */ = {
			isa = XCSwiftPackageProductDependency;
			package = CABE8A162ACE2AB700CAA6CE /* XCRemoteSwiftPackageReference "amplify-swift" */;
			productName = AWSCognitoAuthPlugin;
		};
		CABE8A192ACE2AB700CAA6CE /* AWSPinpointPushNotificationsPlugin */ = {
			isa = XCSwiftPackageProductDependency;
			package = CABE8A162ACE2AB700CAA6CE /* XCRemoteSwiftPackageReference "amplify-swift" */;
			productName = AWSPinpointPushNotificationsPlugin;
		};
		CABE8A1B2ACE2AB700CAA6CE /* Amplify */ = {
			isa = XCSwiftPackageProductDependency;
			package = CABE8A162ACE2AB700CAA6CE /* XCRemoteSwiftPackageReference "amplify-swift" */;
			productName = Amplify;
		};
/* End XCSwiftPackageProductDependency section */
	};
	rootObject = CABE89F62ACE19F900CAA6CE /* Project object */;
}
